
Microsoft Visual Studio Solution File, Format Version 12.00
# Visual Studio Version 17
VisualStudioVersion = 17.5.33530.505
MinimumVisualStudioVersion = 10.0.40219.1
Project("{9A19103F-16F7-4668-BE54-9A1E7A4F7556}") = "TravelGuideAPI", "TravelGuideAPI.csproj", "{1EADE69D-24A9-4D63-8F36-7F739B2954A6}"
EndProject
Project("{2150E333-8FDC-42A3-9474-1A3956D46DE8}") = "Solution Items", "Solution Items", "{043A1568-6E79-4095-8059-442451E1C5E7}"
	ProjectSection(SolutionItems) = preProject
		.editorconfig = .editorconfig
	EndProjectSection
EndProject
Global
	GlobalSection(SolutionConfigurationPlatforms) = preSolution
		Debug|Any CPU = Debug|Any CPU
		Release|Any CPU = Release|Any CPU
	EndGlobalSection
	GlobalSection(ProjectConfigurationPlatforms) = postSolution
		{1EADE69D-24A9-4D63-8F36-7F739B2954A6}.Debug|Any CPU.ActiveCfg = Debug|Any CPU
		{1EADE69D-24A9-4D63-8F36-7F739B2954A6}.Debug|Any CPU.Build.0 = Debug|Any CPU
		{1EADE69D-24A9-4D63-8F36-7F739B2954A6}.Release|Any CPU.ActiveCfg = Release|Any CPU
		{1EADE69D-24A9-4D63-8F36-7F739B2954A6}.Release|Any CPU.Build.0 = Release|Any CPU
	EndGlobalSection
	GlobalSection(SolutionProperties) = preSolution
		HideSolutionNode = FALSE
	EndGlobalSection
	GlobalSection(ExtensibilityGlobals) = postSolution
		SolutionGuid = {BD522AFE-3B2D-4439-9BC6-1018B32008F9}
	EndGlobalSection
EndGlobal
